
Microsoft Visual Studio Solution File, Format Version 12.00
# Visual Studio Version 17
VisualStudioVersion = 17.0.31903.59
MinimumVisualStudioVersion = 10.0.40219.1
Project("{FAE04EC0-301F-11D3-BF4B-00C04F79EFBC}") = "BrokenH.MGEngine", "BrokenH.MGEngine\BrokenH.MGEngine.csproj", "{4FDBAE82-3103-490A-8FC3-50E50CC0F3F3}"
EndProject
Global
	GlobalSection(SolutionConfigurationPlatforms) = preSolution
		Debug|Any CPU = Debug|Any CPU
		Release|Any CPU = Release|Any CPU
	EndGlobalSection
	GlobalSection(SolutionProperties) = preSolution
		HideSolutionNode = FALSE
	EndGlobalSection
	GlobalSection(ProjectConfigurationPlatforms) = postSolution
		{4FDBAE82-3103-490A-8FC3-50E50CC0F3F3}.Debug|Any CPU.ActiveCfg = Debug|Any CPU
		{4FDBAE82-3103-490A-8FC3-50E50CC0F3F3}.Debug|Any CPU.Build.0 = Debug|Any CPU
		{4FDBAE82-3103-490A-8FC3-50E50CC0F3F3}.Release|Any CPU.ActiveCfg = Release|Any CPU
		{4FDBAE82-3103-490A-8FC3-50E50CC0F3F3}.Release|Any CPU.Build.0 = Release|Any CPU
	EndGlobalSection
EndGlobal
